
Microsoft Visual Studio Solution File, Format Version 12.00
# Visual Studio 15
VisualStudioVersion = 15.0.28010.2003
MinimumVisualStudioVersion = 10.0.40219.1
Project("{8BC9CEB8-8B4A-11D0-8D11-00A0C91BC942}") = "TestO3D", "TestO3D\TestO3D.vcxproj", "{BCEA8955-2A1A-4DBA-9458-06818EE49B09}"
EndProject
Global
	GlobalSection(SolutionConfigurationPlatforms) = preSolution
		Debug|x64 = Debug|x64
		Debug|x86 = Debug|x86
		MinSizeRel|x64 = MinSizeRel|x64
		MinSizeRel|x86 = MinSizeRel|x86
		Release|x64 = Release|x64
		Release|x86 = Release|x86
		RelWithDebInfo|x64 = RelWithDebInfo|x64
		RelWithDebInfo|x86 = RelWithDebInfo|x86
	EndGlobalSection
	GlobalSection(ProjectConfigurationPlatforms) = postSolution
		{BCEA8955-2A1A-4DBA-9458-06818EE49B09}.Debug|x64.ActiveCfg = Debug|x64
		{BCEA8955-2A1A-4DBA-9458-06818EE49B09}.Debug|x64.Build.0 = Debug|x64
		{BCEA8955-2A1A-4DBA-9458-06818EE49B09}.Debug|x86.ActiveCfg = Debug|Win32
		{BCEA8955-2A1A-4DBA-9458-06818EE49B09}.Debug|x86.Build.0 = Debug|Win32
		{BCEA8955-2A1A-4DBA-9458-06818EE49B09}.MinSizeRel|x64.ActiveCfg = Release|x64
		{BCEA8955-2A1A-4DBA-9458-06818EE49B09}.MinSizeRel|x64.Build.0 = Release|x64
		{BCEA8955-2A1A-4DBA-9458-06818EE49B09}.MinSizeRel|x86.ActiveCfg = Release|Win32
		{BCEA8955-2A1A-4DBA-9458-06818EE49B09}.MinSizeRel|x86.Build.0 = Release|Win32
		{BCEA8955-2A1A-4DBA-9458-06818EE49B09}.Release|x64.ActiveCfg = Release|x64
		{BCEA8955-2A1A-4DBA-9458-06818EE49B09}.Release|x64.Build.0 = Release|x64
		{BCEA8955-2A1A-4DBA-9458-06818EE49B09}.Release|x86.ActiveCfg = Release|Win32
		{BCEA8955-2A1A-4DBA-9458-06818EE49B09}.Release|x86.Build.0 = Release|Win32
		{BCEA8955-2A1A-4DBA-9458-06818EE49B09}.RelWithDebInfo|x64.ActiveCfg = Release|x64
		{BCEA8955-2A1A-4DBA-9458-06818EE49B09}.RelWithDebInfo|x64.Build.0 = Release|x64
		{BCEA8955-2A1A-4DBA-9458-06818EE49B09}.RelWithDebInfo|x86.ActiveCfg = Release|Win32
		{BCEA8955-2A1A-4DBA-9458-06818EE49B09}.RelWithDebInfo|x86.Build.0 = Release|Win32
	EndGlobalSection
	GlobalSection(SolutionProperties) = preSolution
		HideSolutionNode = FALSE
	EndGlobalSection
	GlobalSection(ExtensibilityGlobals) = postSolution
		SolutionGuid = {3C1B5EB9-3984-4D38-8C88-CA10995CB9BF}
	EndGlobalSection
EndGlobal
